
Microsoft Visual Studio Solution File, Format Version 12.00
Project("{FAE04EC0-301F-11D3-BF4B-00C04F79EFBC}") = "SpotSharp", "SpotSharp\SpotSharp.csproj", "{64D40950-E1FC-4D42-A066-7C765769C80A}"
EndProject
Global
	GlobalSection(SolutionConfigurationPlatforms) = preSolution
		Debug|Any CPU = Debug|Any CPU
		Release|Any CPU = Release|Any CPU
	EndGlobalSection
	GlobalSection(ProjectConfigurationPlatforms) = postSolution
		{64D40950-E1FC-4D42-A066-7C765769C80A}.Debug|Any CPU.ActiveCfg = Debug|Any CPU
		{64D40950-E1FC-4D42-A066-7C765769C80A}.Debug|Any CPU.Build.0 = Debug|Any CPU
		{64D40950-E1FC-4D42-A066-7C765769C80A}.Release|Any CPU.ActiveCfg = Release|Any CPU
		{64D40950-E1FC-4D42-A066-7C765769C80A}.Release|Any CPU.Build.0 = Release|Any CPU
	EndGlobalSection
EndGlobal
